// !$*UTF8*$!
{
	archiveVersion = 1;
	classes = {
	};
	objectVersion = 48;
	objects = {

/* Begin PBXBuildFile section */
		49130EED1FB392F300AF4691 /* AppDelegate.swift in Sources */ = {isa = PBXBuildFile; fileRef = 49130EEC1FB392F300AF4691 /* AppDelegate.swift */; };
		49130EEF1FB392F300AF4691 /* QuoteBuilderViewController.swift in Sources */ = {isa = PBXBuildFile; fileRef = 49130EEE1FB392F300AF4691 /* QuoteBuilderViewController.swift */; };
		49130EF21FB392F300AF4691 /* Main.storyboard in Resources */ = {isa = PBXBuildFile; fileRef = 49130EF01FB392F300AF4691 /* Main.storyboard */; };
		49130EF41FB392F300AF4691 /* Assets.xcassets in Resources */ = {isa = PBXBuildFile; fileRef = 49130EF31FB392F300AF4691 /* Assets.xcassets */; };
		49130EF71FB392F300AF4691 /* LaunchScreen.storyboard in Resources */ = {isa = PBXBuildFile; fileRef = 49130EF51FB392F300AF4691 /* LaunchScreen.storyboard */; };
		49130EFF1FB39B0500AF4691 /* Quote.swift in Sources */ = {isa = PBXBuildFile; fileRef = 49130EFE1FB39B0500AF4691 /* Quote.swift */; };
		49130F011FB39B7500AF4691 /* Photo.swift in Sources */ = {isa = PBXBuildFile; fileRef = 49130F001FB39B7500AF4691 /* Photo.swift */; };
		49130F031FB39CC500AF4691 /* ForismaticQuoteGetter.swift in Sources */ = {isa = PBXBuildFile; fileRef = 49130F021FB39CC500AF4691 /* ForismaticQuoteGetter.swift */; };
		49130F071FB39DC900AF4691 /* DownloadProtocols.swift in Sources */ = {isa = PBXBuildFile; fileRef = 49130F061FB39DC900AF4691 /* DownloadProtocols.swift */; };
		49130F091FB3A13F00AF4691 /* DownloadBuddy.swift in Sources */ = {isa = PBXBuildFile; fileRef = 49130F081FB3A13F00AF4691 /* DownloadBuddy.swift */; };
		49130F0B1FB3C0B800AF4691 /* LoremPixelImageGetter.swift in Sources */ = {isa = PBXBuildFile; fileRef = 49130F0A1FB3C0B800AF4691 /* LoremPixelImageGetter.swift */; };
		49130F0D1FB3F2CC00AF4691 /* QuoteView.swift in Sources */ = {isa = PBXBuildFile; fileRef = 49130F0C1FB3F2CC00AF4691 /* QuoteView.swift */; };
		49130F0F1FB3F2E000AF4691 /* QuoteView.xib in Resources */ = {isa = PBXBuildFile; fileRef = 49130F0E1FB3F2E000AF4691 /* QuoteView.xib */; };
/* End PBXBuildFile section */

/* Begin PBXFileReference section */
		49130EE91FB392F300AF4691 /* Quote Pro.app */ = {isa = PBXFileReference; explicitFileType = wrapper.application; includeInIndex = 0; path = "Quote Pro.app"; sourceTree = BUILT_PRODUCTS_DIR; };
		49130EEC1FB392F300AF4691 /* AppDelegate.swift */ = {isa = PBXFileReference; lastKnownFileType = sourcecode.swift; path = AppDelegate.swift; sourceTree = "<group>"; };
		49130EEE1FB392F300AF4691 /* QuoteBuilderViewController.swift */ = {isa = PBXFileReference; lastKnownFileType = sourcecode.swift; path = QuoteBuilderViewController.swift; sourceTree = "<group>"; };
		49130EF11FB392F300AF4691 /* Base */ = {isa = PBXFileReference; lastKnownFileType = file.storyboard; name = Base; path = Base.lproj/Main.storyboard; sourceTree = "<group>"; };
		49130EF31FB392F300AF4691 /* Assets.xcassets */ = {isa = PBXFileReference; lastKnownFileType = folder.assetcatalog; path = Assets.xcassets; sourceTree = "<group>"; };
		49130EF61FB392F300AF4691 /* Base */ = {isa = PBXFileReference; lastKnownFileType = file.storyboard; name = Base; path = Base.lproj/LaunchScreen.storyboard; sourceTree = "<group>"; };
		49130EF81FB392F300AF4691 /* Info.plist */ = {isa = PBXFileReference; lastKnownFileType = text.plist.xml; path = Info.plist; sourceTree = "<group>"; };
		49130EFE1FB39B0500AF4691 /* Quote.swift */ = {isa = PBXFileReference; lastKnownFileType = sourcecode.swift; path = Quote.swift; sourceTree = "<group>"; };
		49130F001FB39B7500AF4691 /* Photo.swift */ = {isa = PBXFileReference; lastKnownFileType = sourcecode.swift; path = Photo.swift; sourceTree = "<group>"; };
		49130F021FB39CC500AF4691 /* ForismaticQuoteGetter.swift */ = {isa = PBXFileReference; lastKnownFileType = sourcecode.swift; path = ForismaticQuoteGetter.swift; sourceTree = "<group>"; };
		49130F061FB39DC900AF4691 /* DownloadProtocols.swift */ = {isa = PBXFileReference; lastKnownFileType = sourcecode.swift; path = DownloadProtocols.swift; sourceTree = "<group>"; };
		49130F081FB3A13F00AF4691 /* DownloadBuddy.swift */ = {isa = PBXFileReference; lastKnownFileType = sourcecode.swift; path = DownloadBuddy.swift; sourceTree = "<group>"; };
		49130F0A1FB3C0B800AF4691 /* LoremPixelImageGetter.swift */ = {isa = PBXFileReference; lastKnownFileType = sourcecode.swift; path = LoremPixelImageGetter.swift; sourceTree = "<group>"; };
		49130F0C1FB3F2CC00AF4691 /* QuoteView.swift */ = {isa = PBXFileReference; lastKnownFileType = sourcecode.swift; path = QuoteView.swift; sourceTree = "<group>"; };
		49130F0E1FB3F2E000AF4691 /* QuoteView.xib */ = {isa = PBXFileReference; lastKnownFileType = file.xib; path = QuoteView.xib; sourceTree = "<group>"; };
/* End PBXFileReference section */

/* Begin PBXFrameworksBuildPhase section */
		49130EE61FB392F300AF4691 /* Frameworks */ = {
			isa = PBXFrameworksBuildPhase;
			buildActionMask = 2147483647;
			files = (
			);
			runOnlyForDeploymentPostprocessing = 0;
		};
/* End PBXFrameworksBuildPhase section */

/* Begin PBXGroup section */
		49130EE01FB392F300AF4691 = {
			isa = PBXGroup;
			children = (
				49130EEB1FB392F300AF4691 /* Quote Pro */,
				49130EEA1FB392F300AF4691 /* Products */,
			);
			sourceTree = "<group>";
		};
		49130EEA1FB392F300AF4691 /* Products */ = {
			isa = PBXGroup;
			children = (
				49130EE91FB392F300AF4691 /* Quote Pro.app */,
			);
			name = Products;
			sourceTree = "<group>";
		};
		49130EEB1FB392F300AF4691 /* Quote Pro */ = {
			isa = PBXGroup;
			children = (
				49130EEC1FB392F300AF4691 /* AppDelegate.swift */,
				49130EFE1FB39B0500AF4691 /* Quote.swift */,
				49130F001FB39B7500AF4691 /* Photo.swift */,
				49130F021FB39CC500AF4691 /* ForismaticQuoteGetter.swift */,
				49130F0A1FB3C0B800AF4691 /* LoremPixelImageGetter.swift */,
				49130F061FB39DC900AF4691 /* DownloadProtocols.swift */,
				49130F081FB3A13F00AF4691 /* DownloadBuddy.swift */,
				49130EEE1FB392F300AF4691 /* QuoteBuilderViewController.swift */,
				49130EF01FB392F300AF4691 /* Main.storyboard */,
				49130F0C1FB3F2CC00AF4691 /* QuoteView.swift */,
				49130F0E1FB3F2E000AF4691 /* QuoteView.xib */,
				49130EF31FB392F300AF4691 /* Assets.xcassets */,
				49130EF51FB392F300AF4691 /* LaunchScreen.storyboard */,
				49130EF81FB392F300AF4691 /* Info.plist */,
			);
			path = "Quote Pro";
			sourceTree = "<group>";
		};
/* End PBXGroup section */

/* Begin PBXNativeTarget section */
		49130EE81FB392F300AF4691 /* Quote Pro */ = {
			isa = PBXNativeTarget;
			buildConfigurationList = 49130EFB1FB392F300AF4691 /* Build configuration list for PBXNativeTarget "Quote Pro" */;
			buildPhases = (
				49130EE51FB392F300AF4691 /* Sources */,
				49130EE61FB392F300AF4691 /* Frameworks */,
				49130EE71FB392F300AF4691 /* Resources */,
			);
			buildRules = (
			);
			dependencies = (
			);
			name = "Quote Pro";
			productName = "Quote Pro";
			productReference = 49130EE91FB392F300AF4691 /* Quote Pro.app */;
			productType = "com.apple.product-type.application";
		};
/* End PBXNativeTarget section */

/* Begin PBXProject section */
		49130EE11FB392F300AF4691 /* Project object */ = {
			isa = PBXProject;
			attributes = {
				LastSwiftUpdateCheck = 0910;
				LastUpgradeCheck = 0910;
				ORGANIZATIONNAME = hearthedge;
				TargetAttributes = {
					49130EE81FB392F300AF4691 = {
						CreatedOnToolsVersion = 9.1;
						ProvisioningStyle = Automatic;
					};
				};
			};
			buildConfigurationList = 49130EE41FB392F300AF4691 /* Build configuration list for PBXProject "Quote Pro" */;
			compatibilityVersion = "Xcode 8.0";
			developmentRegion = en;
			hasScannedForEncodings = 0;
			knownRegions = (
				en,
				Base,
			);
			mainGroup = 49130EE01FB392F300AF4691;
			productRefGroup = 49130EEA1FB392F300AF4691 /* Products */;
			projectDirPath = "";
			projectRoot = "";
			targets = (
				49130EE81FB392F300AF4691 /* Quote Pro */,
			);
		};
/* End PBXProject section */

/* Begin PBXResourcesBuildPhase section */
		49130EE71FB392F300AF4691 /* Resources */ = {
			isa = PBXResourcesBuildPhase;
			buildActionMask = 2147483647;
			files = (
				49130EF71FB392F300AF4691 /* LaunchScreen.storyboard in Resources */,
				49130EF41FB392F300AF4691 /* Assets.xcassets in Resources */,
				49130EF21FB392F300AF4691 /* Main.storyboard in Resources */,
				49130F0F1FB3F2E000AF4691 /* QuoteView.xib in Resources */,
			);
			runOnlyForDeploymentPostprocessing = 0;
		};
/* End PBXResourcesBuildPhase section */

/* Begin PBXSourcesBuildPhase section */
		49130EE51FB392F300AF4691 /* Sources */ = {
			isa = PBXSourcesBuildPhase;
			buildActionMask = 2147483647;
			files = (
				49130F011FB39B7500AF4691 /* Photo.swift in Sources */,
				49130F071FB39DC900AF4691 /* DownloadProtocols.swift in Sources */,
				49130EEF1FB392F300AF4691 /* QuoteBuilderViewController.swift in Sources */,
				49130F031FB39CC500AF4691 /* ForismaticQuoteGetter.swift in Sources */,
				49130F091FB3A13F00AF4691 /* DownloadBuddy.swift in Sources */,
				49130F0B1FB3C0B800AF4691 /* LoremPixelImageGetter.swift in Sources */,
				49130EFF1FB39B0500AF4691 /* Quote.swift in Sources */,
				49130F0D1FB3F2CC00AF4691 /* QuoteView.swift in Sources */,
				49130EED1FB392F300AF4691 /* AppDelegate.swift in Sources */,
			);
			runOnlyForDeploymentPostprocessing = 0;
		};
/* End PBXSourcesBuildPhase section */

/* Begin PBXVariantGroup section */
		49130EF01FB392F300AF4691 /* Main.storyboard */ = {
			isa = PBXVariantGroup;
			children = (
				49130EF11FB392F300AF4691 /* Base */,
			);
			name = Main.storyboard;
			sourceTree = "<group>";
		};
		49130EF51FB392F300AF4691 /* LaunchScreen.storyboard */ = {
			isa = PBXVariantGroup;
			children = (
				49130EF61FB392F300AF4691 /* Base */,
			);
			name = LaunchScreen.storyboard;
			sourceTree = "<group>";
		};
/* End PBXVariantGroup section */

/* Begin XCBuildConfiguration section */
		49130EF91FB392F300AF4691 /* Debug */ = {
			isa = XCBuildConfiguration;
			buildSettings = {
				ALWAYS_SEARCH_USER_PATHS = NO;
				CLANG_ANALYZER_NONNULL = YES;
				CLANG_ANALYZER_NUMBER_OBJECT_CONVERSION = YES_AGGRESSIVE;
				CLANG_CXX_LANGUAGE_STANDARD = "gnu++14";
				CLANG_CXX_LIBRARY = "libc++";
				CLANG_ENABLE_MODULES = YES;
				CLANG_ENABLE_OBJC_ARC = YES;
				CLANG_WARN_BLOCK_CAPTURE_AUTORELEASING = YES;
				CLANG_WARN_BOOL_CONVERSION = YES;
				CLANG_WARN_COMMA = YES;
				CLANG_WARN_CONSTANT_CONVERSION = YES;
				CLANG_WARN_DIRECT_OBJC_ISA_USAGE = YES_ERROR;
				CLANG_WARN_DOCUMENTATION_COMMENTS = YES;
				CLANG_WARN_EMPTY_BODY = YES;
				CLANG_WARN_ENUM_CONVERSION = YES;
				CLANG_WARN_INFINITE_RECURSION = YES;
				CLANG_WARN_INT_CONVERSION = YES;
				CLANG_WARN_NON_LITERAL_NULL_CONVERSION = YES;
				CLANG_WARN_OBJC_LITERAL_CONVERSION = YES;
				CLANG_WARN_OBJC_ROOT_CLASS = YES_ERROR;
				CLANG_WARN_RANGE_LOOP_ANALYSIS = YES;
				CLANG_WARN_STRICT_PROTOTYPES = YES;
				CLANG_WARN_SUSPICIOUS_MOVE = YES;
				CLANG_WARN_UNGUARDED_AVAILABILITY = YES_AGGRESSIVE;
				CLANG_WARN_UNREACHABLE_CODE = YES;
				CLANG_WARN__DUPLICATE_METHOD_MATCH = YES;
				CODE_SIGN_IDENTITY = "iPhone Developer";
				COPY_PHASE_STRIP = NO;
				DEBUG_INFORMATION_FORMAT = dwarf;
				ENABLE_STRICT_OBJC_MSGSEND = YES;
				ENABLE_TESTABILITY = YES;
				GCC_C_LANGUAGE_STANDARD = gnu11;
				GCC_DYNAMIC_NO_PIC = NO;
				GCC_NO_COMMON_BLOCKS = YES;
				GCC_OPTIMIZATION_LEVEL = 0;
				GCC_PREPROCESSOR_DEFINITIONS = (
					"DEBUG=1",
					"$(inherited)",
				);
				GCC_WARN_64_TO_32_BIT_CONVERSION = YES;
				GCC_WARN_ABOUT_RETURN_TYPE = YES_ERROR;
				GCC_WARN_UNDECLARED_SELECTOR = YES;
				GCC_WARN_UNINITIALIZED_AUTOS = YES_AGGRESSIVE;
				GCC_WARN_UNUSED_FUNCTION = YES;
				GCC_WARN_UNUSED_VARIABLE = YES;
				IPHONEOS_DEPLOYMENT_TARGET = 11.1;
				MTL_ENABLE_DEBUG_INFO = YES;
				ONLY_ACTIVE_ARCH = YES;
				SDKROOT = iphoneos;
				SWIFT_ACTIVE_COMPILATION_CONDITIONS = DEBUG;
				SWIFT_OPTIMIZATION_LEVEL = "-Onone";
			};
			name = Debug;
		};
		49130EFA1FB392F300AF4691 /* Release */ = {
			isa = XCBuildConfiguration;
			buildSettings = {
				ALWAYS_SEARCH_USER_PATHS = NO;
				CLANG_ANALYZER_NONNULL = YES;
				CLANG_ANALYZER_NUMBER_OBJECT_CONVERSION = YES_AGGRESSIVE;
				CLANG_CXX_LANGUAGE_STANDARD = "gnu++14";
				CLANG_CXX_LIBRARY = "libc++";
				CLANG_ENABLE_MODULES = YES;
				CLANG_ENABLE_OBJC_ARC = YES;
				CLANG_WARN_BLOCK_CAPTURE_AUTORELEASING = YES;
				CLANG_WARN_BOOL_CONVERSION = YES;
				CLANG_WARN_COMMA = YES;
				CLANG_WARN_CONSTANT_CONVERSION = YES;
				CLANG_WARN_DIRECT_OBJC_ISA_USAGE = YES_ERROR;
				CLANG_WARN_DOCUMENTATION_COMMENTS = YES;
				CLANG_WARN_EMPTY_BODY = YES;
				CLANG_WARN_ENUM_CONVERSION = YES;
				CLANG_WARN_INFINITE_RECURSION = YES;
				CLANG_WARN_INT_CONVERSION = YES;
				CLANG_WARN_NON_LITERAL_NULL_CONVERSION = YES;
				CLANG_WARN_OBJC_LITERAL_CONVERSION = YES;
				CLANG_WARN_OBJC_ROOT_CLASS = YES_ERROR;
				CLANG_WARN_RANGE_LOOP_ANALYSIS = YES;
				CLANG_WARN_STRICT_PROTOTYPES = YES;
				CLANG_WARN_SUSPICIOUS_MOVE = YES;
				CLANG_WARN_UNGUARDED_AVAILABILITY = YES_AGGRESSIVE;
				CLANG_WARN_UNREACHABLE_CODE = YES;
				CLANG_WARN__DUPLICATE_METHOD_MATCH = YES;
				CODE_SIGN_IDENTITY = "iPhone Developer";
				COPY_PHASE_STRIP = NO;
				DEBUG_INFORMATION_FORMAT = "dwarf-with-dsym";
				ENABLE_NS_ASSERTIONS = NO;
				ENABLE_STRICT_OBJC_MSGSEND = YES;
				GCC_C_LANGUAGE_STANDARD = gnu11;
				GCC_NO_COMMON_BLOCKS = YES;
				GCC_WARN_64_TO_32_BIT_CONVERSION = YES;
				GCC_WARN_ABOUT_RETURN_TYPE = YES_ERROR;
				GCC_WARN_UNDECLARED_SELECTOR = YES;
				GCC_WARN_UNINITIALIZED_AUTOS = YES_AGGRESSIVE;
				GCC_WARN_UNUSED_FUNCTION = YES;
				GCC_WARN_UNUSED_VARIABLE = YES;
				IPHONEOS_DEPLOYMENT_TARGET = 11.1;
				MTL_ENABLE_DEBUG_INFO = NO;
				SDKROOT = iphoneos;
				SWIFT_OPTIMIZATION_LEVEL = "-Owholemodule";
				VALIDATE_PRODUCT = YES;
			};
			name = Release;
		};
		49130EFC1FB392F300AF4691 /* Debug */ = {
			isa = XCBuildConfiguration;
			buildSettings = {
				ASSETCATALOG_COMPILER_APPICON_NAME = AppIcon;
				CODE_SIGN_STYLE = Automatic;
				DEVELOPMENT_TEAM = T5E8L2XP69;
				INFOPLIST_FILE = "Quote Pro/Info.plist";
				LD_RUNPATH_SEARCH_PATHS = "$(inherited) @executable_path/Frameworks";
				PRODUCT_BUNDLE_IDENTIFIER = "land.ashp.Quote-Pro";
				PRODUCT_NAME = "$(TARGET_NAME)";
				SWIFT_VERSION = 4.0;
				TARGETED_DEVICE_FAMILY = "1,2";
			};
			name = Debug;
		};
		49130EFD1FB392F300AF4691 /* Release */ = {
			isa = XCBuildConfiguration;
			buildSettings = {
				ASSETCATALOG_COMPILER_APPICON_NAME = AppIcon;
				CODE_SIGN_STYLE = Automatic;
				DEVELOPMENT_TEAM = T5E8L2XP69;
				INFOPLIST_FILE = "Quote Pro/Info.plist";
				LD_RUNPATH_SEARCH_PATHS = "$(inherited) @executable_path/Frameworks";
				PRODUCT_BUNDLE_IDENTIFIER = "land.ashp.Quote-Pro";
				PRODUCT_NAME = "$(TARGET_NAME)";
				SWIFT_VERSION = 4.0;
				TARGETED_DEVICE_FAMILY = "1,2";
			};
			name = Release;
		};
/* End XCBuildConfiguration section */

/* Begin XCConfigurationList section */
		49130EE41FB392F300AF4691 /* Build configuration list for PBXProject "Quote Pro" */ = {
			isa = XCConfigurationList;
			buildConfigurations = (
				49130EF91FB392F300AF4691 /* Debug */,
				49130EFA1FB392F300AF4691 /* Release */,
			);
			defaultConfigurationIsVisible = 0;
			defaultConfigurationName = Release;
		};
		49130EFB1FB392F300AF4691 /* Build configuration list for PBXNativeTarget "Quote Pro" */ = {
			isa = XCConfigurationList;
			buildConfigurations = (
				49130EFC1FB392F300AF4691 /* Debug */,
				49130EFD1FB392F300AF4691 /* Release */,
			);
			defaultConfigurationIsVisible = 0;
			defaultConfigurationName = Release;
		};
/* End XCConfigurationList section */
	};
	rootObject = 49130EE11FB392F300AF4691 /* Project object */;
}
